github.com/deepteams/webp v1.2.8 h1:iFLBxo4V34ixqay6+MTB18zujCM8VSe1ejsYh+ue1nA=
github.com/deepteams/webp v1.2.8/go.mod h1:J8Ap+HAixxpKKRN9IpEeSKlfvhsef1v43jKTO7m3f4c=
github.com/go-viper/mapstructure/v2 v2.4.0 h1:EBsztssimR/CONLSZZ04E8qAkxNYq4Qp9LvH92wZUgs=
github.com/go-viper/mapstructure/v2 v2.4.0/go.mod h1:oJDH3BJKyqBA2TXFhDsKDGDTlndYOZ6rGS0BRZIxGhM=
github.com/go-viper/mapstructure/v2 v2.5.0 h1:vM5IJoUAy3d7zRSVtIwQgBj7BiWtMPfmPEgAXnvj1Ro=
github.com/go-viper/mapstructure/v2 v2.5.0/go.mod h1:oJDH3BJKyqBA2TXFhDsKDGDTlndYOZ6rGS0BRZIxGhM=
